
Microsoft Visual Studio Solution File, Format Version 12.00
# Visual Studio Version 16
VisualStudioVersion = 16.0.32106.194
MinimumVisualStudioVersion = 10.0.40219.1
Project("{FAE04EC0-301F-11D3-BF4B-00C04F79EFBC}") = "MyFirstConsoleApp", "MyFirstConsoleApp\MyFirstConsoleApp.csproj", "{6C1EEBF8-B575-4D3A-AA71-333F26815619}"
EndProject
Global
	GlobalSection(SolutionConfigurationPlatforms) = preSolution
		Debug|Any CPU = Debug|Any CPU
		Release|Any CPU = Release|Any CPU
	EndGlobalSection
	GlobalSection(ProjectConfigurationPlatforms) = postSolution
		{6C1EEBF8-B575-4D3A-AA71-333F26815619}.Debug|Any CPU.ActiveCfg = Debug|Any CPU
		{6C1EEBF8-B575-4D3A-AA71-333F26815619}.Debug|Any CPU.Build.0 = Debug|Any CPU
		{6C1EEBF8-B575-4D3A-AA71-333F26815619}.Release|Any CPU.ActiveCfg = Release|Any CPU
		{6C1EEBF8-B575-4D3A-AA71-333F26815619}.Release|Any CPU.Build.0 = Release|Any CPU
	EndGlobalSection
	GlobalSection(SolutionProperties) = preSolution
		HideSolutionNode = FALSE
	EndGlobalSection
	GlobalSection(ExtensibilityGlobals) = postSolution
		SolutionGuid = {146F6E50-E484-4618-B01C-C88BC9FE5219}
	EndGlobalSection
EndGlobal
